
Microsoft Visual Studio Solution File, Format Version 12.00
# Visual Studio Version 17
VisualStudioVersion = 17.8.34330.188
MinimumVisualStudioVersion = 10.0.40219.1
Project("{FAE04EC0-301F-11D3-BF4B-00C04F79EFBC}") = "Cars Parking", "Cars Parking.csproj", "{08930FD0-3947-426B-8877-FA46D992868A}"
EndProject
Global
	GlobalSection(SolutionConfigurationPlatforms) = preSolution
		Debug|Any CPU = Debug|Any CPU
		Release|Any CPU = Release|Any CPU
	EndGlobalSection
	GlobalSection(ProjectConfigurationPlatforms) = postSolution
		{08930FD0-3947-426B-8877-FA46D992868A}.Debug|Any CPU.ActiveCfg = Debug|Any CPU
		{08930FD0-3947-426B-8877-FA46D992868A}.Debug|Any CPU.Build.0 = Debug|Any CPU
		{08930FD0-3947-426B-8877-FA46D992868A}.Release|Any CPU.ActiveCfg = Release|Any CPU
		{08930FD0-3947-426B-8877-FA46D992868A}.Release|Any CPU.Build.0 = Release|Any CPU
	EndGlobalSection
	GlobalSection(SolutionProperties) = preSolution
		HideSolutionNode = FALSE
	EndGlobalSection
	GlobalSection(ExtensibilityGlobals) = postSolution
		SolutionGuid = {BE75B481-F241-46CD-8701-AE56D9EACC08}
	EndGlobalSection
EndGlobal
